
Microsoft Visual Studio Solution File, Format Version 12.00
Project("{FAE04EC0-301F-11D3-BF4B-00C04F79EFBC}") = "Lab3", "Lab3\Lab3.csproj", "{EA91A3AF-2542-4755-B9E2-9519D66C3122}"
EndProject
Global
	GlobalSection(SolutionConfigurationPlatforms) = preSolution
		Debug|Any CPU = Debug|Any CPU
		Release|Any CPU = Release|Any CPU
	EndGlobalSection
	GlobalSection(ProjectConfigurationPlatforms) = postSolution
		{EA91A3AF-2542-4755-B9E2-9519D66C3122}.Debug|Any CPU.ActiveCfg = Debug|Any CPU
		{EA91A3AF-2542-4755-B9E2-9519D66C3122}.Debug|Any CPU.Build.0 = Debug|Any CPU
		{EA91A3AF-2542-4755-B9E2-9519D66C3122}.Release|Any CPU.ActiveCfg = Release|Any CPU
		{EA91A3AF-2542-4755-B9E2-9519D66C3122}.Release|Any CPU.Build.0 = Release|Any CPU
	EndGlobalSection
EndGlobal
